PODS:
  - CryptoSwift (0.6.8)
  - PKHUD (4.2.1)
  - SwiftyStoreKit (0.8.6)

DEPENDENCIES:
  - CryptoSwift
  - PKHUD
  - SwiftyStoreKit

SPEC CHECKSUMS:
  CryptoSwift: f21ea03ed3a94e79d241648ce26652cd4810508a
  PKHUD: 957ce2a68b3c97a51839b30216120c1dbc0c3a78
  SwiftyStoreKit: 3cd98b53dc4ab9fd33c1023a8eae38225ebae312

PODFILE CHECKSUM: 1da775bc621983a49f2eb4ada7a1c79ad9e8a37c

COCOAPODS: 1.2.0
