// !$*UTF8*$!
{
	archiveVersion = 1;
	classes = {
	};
	objectVersion = 46;
	objects = {

/* Begin PBXBuildFile section */
		D40341061E5818C700FDFF7E /* WarningVC.xib in Resources */ = {isa = PBXBuildFile; fileRef = D40341051E5818C700FDFF7E /* WarningVC.xib */; };
		D40341081E5819C300FDFF7E /* WarningVC.swift in Sources */ = {isa = PBXBuildFile; fileRef = D40341071E5819C300FDFF7E /* WarningVC.swift */; };
		D41294651E529990006F090B /* MorseCode.swift in Sources */ = {isa = PBXBuildFile; fileRef = D41294641E529990006F090B /* MorseCode.swift */; };
		D41294671E52B573006F090B /* UserData.plist in Resources */ = {isa = PBXBuildFile; fileRef = D41294661E52B573006F090B /* UserData.plist */; };
		D41294691E52BEA6006F090B /* UserData.swift in Sources */ = {isa = PBXBuildFile; fileRef = D41294681E52BEA6006F090B /* UserData.swift */; };
		D412946B1E53D576006F090B /* StarterVC.swift in Sources */ = {isa = PBXBuildFile; fileRef = D412946A1E53D576006F090B /* StarterVC.swift */; };
		D415D6AC1E5813E800AE1C86 /* close.png in Resources */ = {isa = PBXBuildFile; fileRef = D415D6AB1E5813E800AE1C86 /* close.png */; };
		D415D6B21E58156E00AE1C86 /* Error.png in Resources */ = {isa = PBXBuildFile; fileRef = D415D6B11E58156E00AE1C86 /* Error.png */; };
		D415D6B41E58159A00AE1C86 /* Warning.png in Resources */ = {isa = PBXBuildFile; fileRef = D415D6B31E58159A00AE1C86 /* Warning.png */; };
		D42AC20B1E75CFC900900CA3 /* CurrentEncryptionInformationView.xib in Resources */ = {isa = PBXBuildFile; fileRef = D42AC20A1E75CFC900900CA3 /* CurrentEncryptionInformationView.xib */; };
		D42AC20D1E763C3800900CA3 /* CurrentEncryptionInformationView.swift in Sources */ = {isa = PBXBuildFile; fileRef = D42AC20C1E763C3800900CA3 /* CurrentEncryptionInformationView.swift */; };
		D42AC20F1E763D0400900CA3 /* InformationView.swift in Sources */ = {isa = PBXBuildFile; fileRef = D42AC20E1E763D0400900CA3 /* InformationView.swift */; };
		D42AC2111E764E7C00900CA3 /* info.png in Resources */ = {isa = PBXBuildFile; fileRef = D42AC2101E764E7C00900CA3 /* info.png */; };
		D44295871E328241006EC08E /* AppDelegate.swift in Sources */ = {isa = PBXBuildFile; fileRef = D44295861E328241006EC08E /* AppDelegate.swift */; };
		D44295891E328241006EC08E /* UnKeyedVC.swift in Sources */ = {isa = PBXBuildFile; fileRef = D44295881E328241006EC08E /* UnKeyedVC.swift */; };
		D442958C1E328241006EC08E /* Main.storyboard in Resources */ = {isa = PBXBuildFile; fileRef = D442958A1E328241006EC08E /* Main.storyboard */; };
		D442958E1E328241006EC08E /* Assets.xcassets in Resources */ = {isa = PBXBuildFile; fileRef = D442958D1E328241006EC08E /* Assets.xcassets */; };
		D44295911E328241006EC08E /* LaunchScreen.storyboard in Resources */ = {isa = PBXBuildFile; fileRef = D442958F1E328241006EC08E /* LaunchScreen.storyboard */; };
		D44295B71E3285BA006EC08E /* UITextViewCustom.swift in Sources */ = {isa = PBXBuildFile; fileRef = D44295B61E3285BA006EC08E /* UITextViewCustom.swift */; };
		D44725711E81FB0F00E6D881 /* StoreCell.swift in Sources */ = {isa = PBXBuildFile; fileRef = D447256F1E81FB0F00E6D881 /* StoreCell.swift */; };
		D44725721E81FB0F00E6D881 /* StoreCell.xib in Resources */ = {isa = PBXBuildFile; fileRef = D44725701E81FB0F00E6D881 /* StoreCell.xib */; };
		D44B534B1E65FDDF005CFAE0 /* ErrorVC.xib in Resources */ = {isa = PBXBuildFile; fileRef = D44B534A1E65FDDF005CFAE0 /* ErrorVC.xib */; };
		D44B534D1E65FE9E005CFAE0 /* ErrorVC.swift in Sources */ = {isa = PBXBuildFile; fileRef = D44B534C1E65FE9E005CFAE0 /* ErrorVC.swift */; };
		D44B53501E6612E4005CFAE0 /* KeyedVC.swift in Sources */ = {isa = PBXBuildFile; fileRef = D44B534F1E6612E4005CFAE0 /* KeyedVC.swift */; };
		D44B53531E6727FF005CFAE0 /* KeyedEncryption.swift in Sources */ = {isa = PBXBuildFile; fileRef = D44B53521E6727FF005CFAE0 /* KeyedEncryption.swift */; };
		D44B53551E6729D6005CFAE0 /* UITextFieldCustom.xib in Resources */ = {isa = PBXBuildFile; fileRef = D44B53541E6729D6005CFAE0 /* UITextFieldCustom.xib */; };
		D44B53571E672BD9005CFAE0 /* UITextFieldCustom.swift in Sources */ = {isa = PBXBuildFile; fileRef = D44B53561E672BD9005CFAE0 /* UITextFieldCustom.swift */; };
		D44B53591E6DD91D005CFAE0 /* CaesarCipher.swift in Sources */ = {isa = PBXBuildFile; fileRef = D44B53581E6DD91D005CFAE0 /* CaesarCipher.swift */; };
		D44B535B1E70AE7B005CFAE0 /* XORCipher.swift in Sources */ = {isa = PBXBuildFile; fileRef = D44B535A1E70AE7B005CFAE0 /* XORCipher.swift */; };
		D44E268D1E7740C0007B64CE /* PigLatinInformation in Resources */ = {isa = PBXBuildFile; fileRef = D44E268C1E7740C0007B64CE /* PigLatinInformation */; };
		D44E268F1E77A8B6007B64CE /* MorseCodeInformation in Resources */ = {isa = PBXBuildFile; fileRef = D44E268E1E77A8B6007B64CE /* MorseCodeInformation */; };
		D44E26911E77AAC8007B64CE /* PigPenInformation in Resources */ = {isa = PBXBuildFile; fileRef = D44E26901E77AAC8007B64CE /* PigPenInformation */; };
		D44E26931E77AAE3007B64CE /* BinaryInformation in Resources */ = {isa = PBXBuildFile; fileRef = D44E26921E77AAE3007B64CE /* BinaryInformation */; };
		D44E26951E77AAF5007B64CE /* OctalInformation in Resources */ = {isa = PBXBuildFile; fileRef = D44E26941E77AAF5007B64CE /* OctalInformation */; };
		D44E26971E77AB08007B64CE /* HexadecimalInformation in Resources */ = {isa = PBXBuildFile; fileRef = D44E26961E77AB08007B64CE /* HexadecimalInformation */; };
		D44E26991E77B08E007B64CE /* ROT13Information in Resources */ = {isa = PBXBuildFile; fileRef = D44E26981E77B08E007B64CE /* ROT13Information */; };
		D44E269D1E78D1EE007B64CE /* EnigmaView.xib in Resources */ = {isa = PBXBuildFile; fileRef = D44E269C1E78D1EE007B64CE /* EnigmaView.xib */; };
		D44E269F1E78D2AB007B64CE /* EnigmaView.swift in Sources */ = {isa = PBXBuildFile; fileRef = D44E269E1E78D2AB007B64CE /* EnigmaView.swift */; };
		D44E26A11E799CB9007B64CE /* EnigmaInformation in Resources */ = {isa = PBXBuildFile; fileRef = D44E26A01E799CB9007B64CE /* EnigmaInformation */; };
		D44E26A31E799E06007B64CE /* StoreView.xib in Resources */ = {isa = PBXBuildFile; fileRef = D44E26A21E799E06007B64CE /* StoreView.xib */; };
		D44E26A51E79A166007B64CE /* StoreView.swift in Sources */ = {isa = PBXBuildFile; fileRef = D44E26A41E79A166007B64CE /* StoreView.swift */; };
		D44E26A81E7DD091007B64CE /* TextViewExtension.swift in Sources */ = {isa = PBXBuildFile; fileRef = D44E26A71E7DD091007B64CE /* TextViewExtension.swift */; };
		D44E26AB1E7DDBA2007B64CE /* ralogo.PNG in Resources */ = {isa = PBXBuildFile; fileRef = D44E26AA1E7DDBA2007B64CE /* ralogo.PNG */; };
		D44E26AD1E7DDBB3007B64CE /* lock.png in Resources */ = {isa = PBXBuildFile; fileRef = D44E26AC1E7DDBB3007B64CE /* lock.png */; };
		D44E26AF1E7DDD52007B64CE /* EncryptionSelectionCell.xib in Resources */ = {isa = PBXBuildFile; fileRef = D44E26AE1E7DDD52007B64CE /* EncryptionSelectionCell.xib */; };
		D44E26B11E7DDE8D007B64CE /* EncryptionSelectionCell.swift in Sources */ = {isa = PBXBuildFile; fileRef = D44E26B01E7DDE8D007B64CE /* EncryptionSelectionCell.swift */; };
		D46137921E5DED6300A9D87A /* Octal.swift in Sources */ = {isa = PBXBuildFile; fileRef = D46137911E5DED6300A9D87A /* Octal.swift */; };
		D46137941E5DF48100A9D87A /* Hexadecimal.swift in Sources */ = {isa = PBXBuildFile; fileRef = D46137931E5DF48100A9D87A /* Hexadecimal.swift */; };
		D46BB0F91E74CD8900B87909 /* KeywordCipher.swift in Sources */ = {isa = PBXBuildFile; fileRef = D46BB0F81E74CD8900B87909 /* KeywordCipher.swift */; };
		D46BB0FB1E74CDA200B87909 /* RailFenceCipher.swift in Sources */ = {isa = PBXBuildFile; fileRef = D46BB0FA1E74CDA200B87909 /* RailFenceCipher.swift */; };
		D46BB0FD1E74CDAF00B87909 /* ColumnarCipher.swift in Sources */ = {isa = PBXBuildFile; fileRef = D46BB0FC1E74CDAF00B87909 /* ColumnarCipher.swift */; };
		D46BB0FF1E74D0A600B87909 /* PigPenCipher.swift in Sources */ = {isa = PBXBuildFile; fileRef = D46BB0FE1E74D0A600B87909 /* PigPenCipher.swift */; };
		D46BB1021E75B71200B87909 /* InformationVC.xib in Resources */ = {isa = PBXBuildFile; fileRef = D46BB1011E75B71200B87909 /* InformationVC.xib */; };
		D46BB1041E75C49100B87909 /* InformationVC.swift in Sources */ = {isa = PBXBuildFile; fileRef = D46BB1031E75C49100B87909 /* InformationVC.swift */; };
		D46CAADD1E4AB273001B32A5 /* ROT13.swift in Sources */ = {isa = PBXBuildFile; fileRef = D46CAADC1E4AB273001B32A5 /* ROT13.swift */; };
		D47E5A9E1E60CDCA00C100D3 /* PopupAnimator.swift in Sources */ = {isa = PBXBuildFile; fileRef = D47E5A9D1E60CDCA00C100D3 /* PopupAnimator.swift */; };
		D47E5AA01E60D8B100C100D3 /* PopupAnimatorDelegate.swift in Sources */ = {isa = PBXBuildFile; fileRef = D47E5A9F1E60D8B000C100D3 /* PopupAnimatorDelegate.swift */; };
		D4B3D95F1E5793F500C8A75D /* Binary.swift in Sources */ = {isa = PBXBuildFile; fileRef = D4B3D95E1E5793F500C8A75D /* Binary.swift */; };
		D4B53D3B1EAD4F1C00BBAEFF /* VigenereCipher.swift in Sources */ = {isa = PBXBuildFile; fileRef = D4B53D3A1EAD4F1C00BBAEFF /* VigenereCipher.swift */; };
		D4B53D3D1EAD4FAE00BBAEFF /* CaesarInformation in Resources */ = {isa = PBXBuildFile; fileRef = D4B53D3C1EAD4FAE00BBAEFF /* CaesarInformation */; };
		D4B53D3F1EAD4FBB00BBAEFF /* XORInformation in Resources */ = {isa = PBXBuildFile; fileRef = D4B53D3E1EAD4FBB00BBAEFF /* XORInformation */; };
		D4B53D411EAD4FCB00BBAEFF /* KeywordInformation in Resources */ = {isa = PBXBuildFile; fileRef = D4B53D401EAD4FCB00BBAEFF /* KeywordInformation */; };
		D4B53D431EAD4FE700BBAEFF /* RailFenceInformation in Resources */ = {isa = PBXBuildFile; fileRef = D4B53D421EAD4FE700BBAEFF /* RailFenceInformation */; };
		D4B53D451EAD500E00BBAEFF /* ColumnarInformation in Resources */ = {isa = PBXBuildFile; fileRef = D4B53D441EAD500E00BBAEFF /* ColumnarInformation */; };
		D4B53D471EAD502500BBAEFF /* VigenereInformation in Resources */ = {isa = PBXBuildFile; fileRef = D4B53D461EAD502500BBAEFF /* VigenereInformation */; };
		D4BB83301E4A3C9100859B1C /* UnKeyedEncryption.swift in Sources */ = {isa = PBXBuildFile; fileRef = D4BB832F1E4A3C9100859B1C /* UnKeyedEncryption.swift */; };
		D4BB83321E4A6BF100859B1C /* share.png in Resources */ = {isa = PBXBuildFile; fileRef = D4BB83311E4A6BF100859B1C /* share.png */; };
		D4C0C4A91E4E32A100703241 /* PigLatin.swift in Sources */ = {isa = PBXBuildFile; fileRef = D4C0C4A81E4E32A000703241 /* PigLatin.swift */; };
		D4E99B6F1E412B810035A688 /* UITextViewCustom.xib in Resources */ = {isa = PBXBuildFile; fileRef = D4E99B6E1E412B810035A688 /* UITextViewCustom.xib */; };
		D4E99B761E417D720035A688 /* UIButtonBorder.swift in Sources */ = {isa = PBXBuildFile; fileRef = D4E99B751E417D720035A688 /* UIButtonBorder.swift */; };
		D4E99B7B1E4240420035A688 /* Global.swift in Sources */ = {isa = PBXBuildFile; fileRef = D4E99B7A1E4240420035A688 /* Global.swift */; };
		D4E99B7D1E42467A0035A688 /* EncryptionNameHeader.xib in Resources */ = {isa = PBXBuildFile; fileRef = D4E99B7C1E42467A0035A688 /* EncryptionNameHeader.xib */; };
		D4E99B801E439BF80035A688 /* EncryptionNameHeader.swift in Sources */ = {isa = PBXBuildFile; fileRef = D4E99B7F1E439BF80035A688 /* EncryptionNameHeader.swift */; };
		D4E99B8B1E4419610035A688 /* EncryptionSelection.swift in Sources */ = {isa = PBXBuildFile; fileRef = D4E99B8A1E4419610035A688 /* EncryptionSelection.swift */; };
		F3D4C3255C46B2A957C0E4F8 /* Pods_Enigma.framework in Frameworks */ = {isa = PBXBuildFile; fileRef = 5034F58687D6E572F9CA3D36 /* Pods_Enigma.framework */; settings = {ATTRIBUTES = (Required, ); }; };
/* End PBXBuildFile section */

/* Begin PBXFileReference section */
		0A8DF6ECF26E61F73DD3D53B /* Pods-Enigma.release.xcconfig */ = {isa = PBXFileReference; includeInIndex = 1; lastKnownFileType = text.xcconfig; name = "Pods-Enigma.release.xcconfig"; path = "Pods/Target Support Files/Pods-Enigma/Pods-Enigma.release.xcconfig"; sourceTree = "<group>"; };
		5034F58687D6E572F9CA3D36 /* Pods_Enigma.framework */ = {isa = PBXFileReference; explicitFileType = wrapper.framework; includeInIndex = 0; path = Pods_Enigma.framework; sourceTree = BUILT_PRODUCTS_DIR; };
		D40341051E5818C700FDFF7E /* WarningVC.xib */ = {isa = PBXFileReference; fileEncoding = 4; lastKnownFileType = file.xib; path = WarningVC.xib; sourceTree = "<group>"; };
		D40341071E5819C300FDFF7E /* WarningVC.swift */ = {isa = PBXFileReference; fileEncoding = 4; lastKnownFileType = sourcecode.swift; path = WarningVC.swift; sourceTree = "<group>"; };
		D41294641E529990006F090B /* MorseCode.swift */ = {isa = PBXFileReference; fileEncoding = 4; lastKnownFileType = sourcecode.swift; path = MorseCode.swift; sourceTree = "<group>"; };
		D41294661E52B573006F090B /* UserData.plist */ = {isa = PBXFileReference; fileEncoding = 4; lastKnownFileType = text.plist.xml; path = UserData.plist; sourceTree = "<group>"; };
		D41294681E52BEA6006F090B /* UserData.swift */ = {isa = PBXFileReference; fileEncoding = 4; lastKnownFileType = sourcecode.swift; path = UserData.swift; sourceTree = "<group>"; };
		D412946A1E53D576006F090B /* StarterVC.swift */ = {isa = PBXFileReference; fileEncoding = 4; lastKnownFileType = sourcecode.swift; path = StarterVC.swift; sourceTree = "<group>"; };
		D415D6AB1E5813E800AE1C86 /* close.png */ = {isa = PBXFileReference; lastKnownFileType = image.png; path = close.png; sourceTree = "<group>"; };
		D415D6B11E58156E00AE1C86 /* Error.png */ = {isa = PBXFileReference; lastKnownFileType = image.png; path = Error.png; sourceTree = "<group>"; };
		D415D6B31E58159A00AE1C86 /* Warning.png */ = {isa = PBXFileReference; lastKnownFileType = image.png; path = Warning.png; sourceTree = "<group>"; };
		D42AC20A1E75CFC900900CA3 /* CurrentEncryptionInformationView.xib */ = {isa = PBXFileReference; fileEncoding = 4; lastKnownFileType = file.xib; path = CurrentEncryptionInformationView.xib; sourceTree = "<group>"; };
		D42AC20C1E763C3800900CA3 /* CurrentEncryptionInformationView.swift */ = {isa = PBXFileReference; fileEncoding = 4; lastKnownFileType = sourcecode.swift; path = CurrentEncryptionInformationView.swift; sourceTree = "<group>"; };
		D42AC20E1E763D0400900CA3 /* InformationView.swift */ = {isa = PBXFileReference; fileEncoding = 4; lastKnownFileType = sourcecode.swift; path = InformationView.swift; sourceTree = "<group>"; };
		D42AC2101E764E7C00900CA3 /* info.png */ = {isa = PBXFileReference; lastKnownFileType = image.png; path = info.png; sourceTree = "<group>"; };
		D44295831E328241006EC08E /* Enigma.app */ = {isa = PBXFileReference; explicitFileType = wrapper.application; includeInIndex = 0; path = Enigma.app; sourceTree = BUILT_PRODUCTS_DIR; };
		D44295861E328241006EC08E /* AppDelegate.swift */ = {isa = PBXFileReference; lastKnownFileType = sourcecode.swift; path = AppDelegate.swift; sourceTree = "<group>"; };
		D44295881E328241006EC08E /* UnKeyedVC.swift */ = {isa = PBXFileReference; lastKnownFileType = sourcecode.swift; path = UnKeyedVC.swift; sourceTree = "<group>"; };
		D442958B1E328241006EC08E /* Base */ = {isa = PBXFileReference; lastKnownFileType = file.storyboard; name = Base; path = Base.lproj/Main.storyboard; sourceTree = "<group>"; };
		D442958D1E328241006EC08E /* Assets.xcassets */ = {isa = PBXFileReference; lastKnownFileType = folder.assetcatalog; path = Assets.xcassets; sourceTree = "<group>"; };
		D44295901E328241006EC08E /* Base */ = {isa = PBXFileReference; lastKnownFileType = file.storyboard; name = Base; path = Base.lproj/LaunchScreen.storyboard; sourceTree = "<group>"; };
		D44295921E328241006EC08E /* Info.plist */ = {isa = PBXFileReference; lastKnownFileType = text.plist.xml; path = Info.plist; sourceTree = "<group>"; };
		D442959B1E328242006EC08E /* EnigmaTests.swift */ = {isa = PBXFileReference; lastKnownFileType = sourcecode.swift; path = EnigmaTests.swift; sourceTree = "<group>"; };
		D442959D1E328242006EC08E /* Info.plist */ = {isa = PBXFileReference; lastKnownFileType = text.plist.xml; path = Info.plist; sourceTree = "<group>"; };
		D44295A61E328242006EC08E /* EnigmaUITests.swift */ = {isa = PBXFileReference; lastKnownFileType = sourcecode.swift; path = EnigmaUITests.swift; sourceTree = "<group>"; };
		D44295A81E328242006EC08E /* Info.plist */ = {isa = PBXFileReference; lastKnownFileType = text.plist.xml; path = Info.plist; sourceTree = "<group>"; };
		D44295B61E3285BA006EC08E /* UITextViewCustom.swift */ = {isa = PBXFileReference; fileEncoding = 4; lastKnownFileType = sourcecode.swift; path = UITextViewCustom.swift; sourceTree = "<group>"; };
		D447256F1E81FB0F00E6D881 /* StoreCell.swift */ = {isa = PBXFileReference; fileEncoding = 4; lastKnownFileType = sourcecode.swift; path = StoreCell.swift; sourceTree = "<group>"; };
		D44725701E81FB0F00E6D881 /* StoreCell.xib */ = {isa = PBXFileReference; fileEncoding = 4; lastKnownFileType = file.xib; path = StoreCell.xib; sourceTree = "<group>"; };
		D44B534A1E65FDDF005CFAE0 /* ErrorVC.xib */ = {isa = PBXFileReference; fileEncoding = 4; lastKnownFileType = file.xib; path = ErrorVC.xib; sourceTree = "<group>"; };
		D44B534C1E65FE9E005CFAE0 /* ErrorVC.swift */ = {isa = PBXFileReference; fileEncoding = 4; lastKnownFileType = sourcecode.swift; path = ErrorVC.swift; sourceTree = "<group>"; };
		D44B534F1E6612E4005CFAE0 /* KeyedVC.swift */ = {isa = PBXFileReference; fileEncoding = 4; lastKnownFileType = sourcecode.swift; path = KeyedVC.swift; sourceTree = "<group>"; };
		D44B53521E6727FF005CFAE0 /* KeyedEncryption.swift */ = {isa = PBXFileReference; fileEncoding = 4; lastKnownFileType = sourcecode.swift; path = KeyedEncryption.swift; sourceTree = "<group>"; };
		D44B53541E6729D6005CFAE0 /* UITextFieldCustom.xib */ = {isa = PBXFileReference; fileEncoding = 4; lastKnownFileType = file.xib; path = UITextFieldCustom.xib; sourceTree = "<group>"; };
		D44B53561E672BD9005CFAE0 /* UITextFieldCustom.swift */ = {isa = PBXFileReference; fileEncoding = 4; lastKnownFileType = sourcecode.swift; path = UITextFieldCustom.swift; sourceTree = "<group>"; };
		D44B53581E6DD91D005CFAE0 /* CaesarCipher.swift */ = {isa = PBXFileReference; fileEncoding = 4; lastKnownFileType = sourcecode.swift; path = CaesarCipher.swift; sourceTree = "<group>"; };
		D44B535A1E70AE7B005CFAE0 /* XORCipher.swift */ = {isa = PBXFileReference; fileEncoding = 4; lastKnownFileType = sourcecode.swift; path = XORCipher.swift; sourceTree = "<group>"; };
		D44E268C1E7740C0007B64CE /* PigLatinInformation */ = {isa = PBXFileReference; fileEncoding = 4; lastKnownFileType = text; path = PigLatinInformation; sourceTree = "<group>"; };
		D44E268E1E77A8B6007B64CE /* MorseCodeInformation */ = {isa = PBXFileReference; fileEncoding = 4; lastKnownFileType = text; path = MorseCodeInformation; sourceTree = "<group>"; };
		D44E26901E77AAC8007B64CE /* PigPenInformation */ = {isa = PBXFileReference; fileEncoding = 4; lastKnownFileType = text; path = PigPenInformation; sourceTree = "<group>"; };
		D44E26921E77AAE3007B64CE /* BinaryInformation */ = {isa = PBXFileReference; fileEncoding = 4; lastKnownFileType = text; path = BinaryInformation; sourceTree = "<group>"; };
		D44E26941E77AAF5007B64CE /* OctalInformation */ = {isa = PBXFileReference; fileEncoding = 4; lastKnownFileType = text; path = OctalInformation; sourceTree = "<group>"; };
		D44E26961E77AB08007B64CE /* HexadecimalInformation */ = {isa = PBXFileReference; fileEncoding = 4; lastKnownFileType = text; path = HexadecimalInformation; sourceTree = "<group>"; };
		D44E26981E77B08E007B64CE /* ROT13Information */ = {isa = PBXFileReference; fileEncoding = 4; lastKnownFileType = text; path = ROT13Information; sourceTree = "<group>"; };
		D44E269C1E78D1EE007B64CE /* EnigmaView.xib */ = {isa = PBXFileReference; fileEncoding = 4; lastKnownFileType = file.xib; path = EnigmaView.xib; sourceTree = "<group>"; };
		D44E269E1E78D2AB007B64CE /* EnigmaView.swift */ = {isa = PBXFileReference; fileEncoding = 4; lastKnownFileType = sourcecode.swift; path = EnigmaView.swift; sourceTree = "<group>"; };
		D44E26A01E799CB9007B64CE /* EnigmaInformation */ = {isa = PBXFileReference; fileEncoding = 4; lastKnownFileType = text; path = EnigmaInformation; sourceTree = "<group>"; };
		D44E26A21E799E06007B64CE /* StoreView.xib */ = {isa = PBXFileReference; fileEncoding = 4; lastKnownFileType = file.xib; path = StoreView.xib; sourceTree = "<group>"; };
		D44E26A41E79A166007B64CE /* StoreView.swift */ = {isa = PBXFileReference; fileEncoding = 4; lastKnownFileType = sourcecode.swift; path = StoreView.swift; sourceTree = "<group>"; };
		D44E26A71E7DD091007B64CE /* TextViewExtension.swift */ = {isa = PBXFileReference; fileEncoding = 4; lastKnownFileType = sourcecode.swift; path = TextViewExtension.swift; sourceTree = "<group>"; };
		D44E26AA1E7DDBA2007B64CE /* ralogo.PNG */ = {isa = PBXFileReference; lastKnownFileType = image.png; path = ralogo.PNG; sourceTree = "<group>"; };
		D44E26AC1E7DDBB3007B64CE /* lock.png */ = {isa = PBXFileReference; lastKnownFileType = image.png; path = lock.png; sourceTree = "<group>"; };
		D44E26AE1E7DDD52007B64CE /* EncryptionSelectionCell.xib */ = {isa = PBXFileReference; fileEncoding = 4; lastKnownFileType = file.xib; path = EncryptionSelectionCell.xib; sourceTree = "<group>"; };
		D44E26B01E7DDE8D007B64CE /* EncryptionSelectionCell.swift */ = {isa = PBXFileReference; fileEncoding = 4; lastKnownFileType = sourcecode.swift; path = EncryptionSelectionCell.swift; sourceTree = "<group>"; };
		D46137911E5DED6300A9D87A /* Octal.swift */ = {isa = PBXFileReference; fileEncoding = 4; lastKnownFileType = sourcecode.swift; path = Octal.swift; sourceTree = "<group>"; };
		D46137931E5DF48100A9D87A /* Hexadecimal.swift */ = {isa = PBXFileReference; fileEncoding = 4; lastKnownFileType = sourcecode.swift; path = Hexadecimal.swift; sourceTree = "<group>"; };
		D46BB0F81E74CD8900B87909 /* KeywordCipher.swift */ = {isa = PBXFileReference; fileEncoding = 4; lastKnownFileType = sourcecode.swift; path = KeywordCipher.swift; sourceTree = "<group>"; };
		D46BB0FA1E74CDA200B87909 /* RailFenceCipher.swift */ = {isa = PBXFileReference; fileEncoding = 4; lastKnownFileType = sourcecode.swift; path = RailFenceCipher.swift; sourceTree = "<group>"; };
		D46BB0FC1E74CDAF00B87909 /* ColumnarCipher.swift */ = {isa = PBXFileReference; fileEncoding = 4; lastKnownFileType = sourcecode.swift; path = ColumnarCipher.swift; sourceTree = "<group>"; };
		D46BB0FE1E74D0A600B87909 /* PigPenCipher.swift */ = {isa = PBXFileReference; fileEncoding = 4; lastKnownFileType = sourcecode.swift; path = PigPenCipher.swift; sourceTree = "<group>"; };
		D46BB1011E75B71200B87909 /* InformationVC.xib */ = {isa = PBXFileReference; fileEncoding = 4; lastKnownFileType = file.xib; path = InformationVC.xib; sourceTree = "<group>"; };
		D46BB1031E75C49100B87909 /* InformationVC.swift */ = {isa = PBXFileReference; fileEncoding = 4; lastKnownFileType = sourcecode.swift; path = InformationVC.swift; sourceTree = "<group>"; };
		D46CAADC1E4AB273001B32A5 /* ROT13.swift */ = {isa = PBXFileReference; fileEncoding = 4; lastKnownFileType = sourcecode.swift; path = ROT13.swift; sourceTree = "<group>"; };
		D47E5A9D1E60CDCA00C100D3 /* PopupAnimator.swift */ = {isa = PBXFileReference; fileEncoding = 4; lastKnownFileType = sourcecode.swift; path = PopupAnimator.swift; sourceTree = "<group>"; };
		D47E5A9F1E60D8B000C100D3 /* PopupAnimatorDelegate.swift */ = {isa = PBXFileReference; fileEncoding = 4; lastKnownFileType = sourcecode.swift; path = PopupAnimatorDelegate.swift; sourceTree = "<group>"; };
		D4B3D95E1E5793F500C8A75D /* Binary.swift */ = {isa = PBXFileReference; fileEncoding = 4; lastKnownFileType = sourcecode.swift; path = Binary.swift; sourceTree = "<group>"; };
		D4B53D3A1EAD4F1C00BBAEFF /* VigenereCipher.swift */ = {isa = PBXFileReference; fileEncoding = 4; lastKnownFileType = sourcecode.swift; path = VigenereCipher.swift; sourceTree = "<group>"; };
		D4B53D3C1EAD4FAE00BBAEFF /* CaesarInformation */ = {isa = PBXFileReference; fileEncoding = 4; lastKnownFileType = text; path = CaesarInformation; sourceTree = "<group>"; };
		D4B53D3E1EAD4FBB00BBAEFF /* XORInformation */ = {isa = PBXFileReference; fileEncoding = 4; lastKnownFileType = text; path = XORInformation; sourceTree = "<group>"; };
		D4B53D401EAD4FCB00BBAEFF /* KeywordInformation */ = {isa = PBXFileReference; fileEncoding = 4; lastKnownFileType = text; path = KeywordInformation; sourceTree = "<group>"; };
		D4B53D421EAD4FE700BBAEFF /* RailFenceInformation */ = {isa = PBXFileReference; fileEncoding = 4; lastKnownFileType = text; path = RailFenceInformation; sourceTree = "<group>"; };
		D4B53D441EAD500E00BBAEFF /* ColumnarInformation */ = {isa = PBXFileReference; fileEncoding = 4; lastKnownFileType = text; path = ColumnarInformation; sourceTree = "<group>"; };
		D4B53D461EAD502500BBAEFF /* VigenereInformation */ = {isa = PBXFileReference; fileEncoding = 4; lastKnownFileType = text; path = VigenereInformation; sourceTree = "<group>"; };
		D4BB832F1E4A3C9100859B1C /* UnKeyedEncryption.swift */ = {isa = PBXFileReference; fileEncoding = 4; lastKnownFileType = sourcecode.swift; path = UnKeyedEncryption.swift; sourceTree = "<group>"; };
		D4BB83311E4A6BF100859B1C /* share.png */ = {isa = PBXFileReference; lastKnownFileType = image.png; path = share.png; sourceTree = "<group>"; };
		D4C0C4A81E4E32A000703241 /* PigLatin.swift */ = {isa = PBXFileReference; fileEncoding = 4; lastKnownFileType = sourcecode.swift; path = PigLatin.swift; sourceTree = "<group>"; };
		D4E99B6E1E412B810035A688 /* UITextViewCustom.xib */ = {isa = PBXFileReference; fileEncoding = 4; lastKnownFileType = file.xib; path = UITextViewCustom.xib; sourceTree = "<group>"; };
		D4E99B751E417D720035A688 /* UIButtonBorder.swift */ = {isa = PBXFileReference; fileEncoding = 4; lastKnownFileType = sourcecode.swift; path = UIButtonBorder.swift; sourceTree = "<group>"; };
		D4E99B7A1E4240420035A688 /* Global.swift */ = {isa = PBXFileReference; fileEncoding = 4; lastKnownFileType = sourcecode.swift; path = Global.swift; sourceTree = "<group>"; };
		D4E99B7C1E42467A0035A688 /* EncryptionNameHeader.xib */ = {isa = PBXFileReference; fileEncoding = 4; lastKnownFileType = file.xib; path = EncryptionNameHeader.xib; sourceTree = "<group>"; };
		D4E99B7F1E439BF80035A688 /* EncryptionNameHeader.swift */ = {isa = PBXFileReference; fileEncoding = 4; lastKnownFileType = sourcecode.swift; path = EncryptionNameHeader.swift; sourceTree = "<group>"; };
		D4E99B8A1E4419610035A688 /* EncryptionSelection.swift */ = {isa = PBXFileReference; fileEncoding = 4; lastKnownFileType = sourcecode.swift; path = EncryptionSelection.swift; sourceTree = "<group>"; };
		ECBE068918A86CB50BF34862 /* Pods-Enigma.debug.xcconfig */ = {isa = PBXFileReference; includeInIndex = 1; lastKnownFileType = text.xcconfig; name = "Pods-Enigma.debug.xcconfig"; path = "Pods/Target Support Files/Pods-Enigma/Pods-Enigma.debug.xcconfig"; sourceTree = "<group>"; };
/* End PBXFileReference section */

/* Begin PBXFrameworksBuildPhase section */
		D44295801E328241006EC08E /* Frameworks */ = {
			isa = PBXFrameworksBuildPhase;
			buildActionMask = 2147483647;
			files = (
				F3D4C3255C46B2A957C0E4F8 /* Pods_Enigma.framework in Frameworks */,
			);
			runOnlyForDeploymentPostprocessing = 0;
		};
/* End PBXFrameworksBuildPhase section */

/* Begin PBXGroup section */
		A688947D6797F15013208DF6 /* Pods */ = {
			isa = PBXGroup;
			children = (
				ECBE068918A86CB50BF34862 /* Pods-Enigma.debug.xcconfig */,
				0A8DF6ECF26E61F73DD3D53B /* Pods-Enigma.release.xcconfig */,
			);
			name = Pods;
			sourceTree = "<group>";
		};
		D415D6AD1E58140300AE1C86 /* Resources */ = {
			isa = PBXGroup;
			children = (
				D44E26AC1E7DDBB3007B64CE /* lock.png */,
				D44E26AA1E7DDBA2007B64CE /* ralogo.PNG */,
				D42AC2101E764E7C00900CA3 /* info.png */,
				D4BB83311E4A6BF100859B1C /* share.png */,
				D415D6AB1E5813E800AE1C86 /* close.png */,
				D415D6B31E58159A00AE1C86 /* Warning.png */,
				D415D6B11E58156E00AE1C86 /* Error.png */,
			);
			name = Resources;
			sourceTree = "<group>";
		};
		D415D6AE1E58142400AE1C86 /* UserData */ = {
			isa = PBXGroup;
			children = (
				D41294661E52B573006F090B /* UserData.plist */,
				D41294681E52BEA6006F090B /* UserData.swift */,
			);
			name = UserData;
			sourceTree = "<group>";
		};
		D415D6AF1E58144400AE1C86 /* ViewController */ = {
			isa = PBXGroup;
			children = (
				D44295881E328241006EC08E /* UnKeyedVC.swift */,
				D44B534F1E6612E4005CFAE0 /* KeyedVC.swift */,
				D412946A1E53D576006F090B /* StarterVC.swift */,
			);
			name = ViewController;
			sourceTree = "<group>";
		};
		D415D6B01E58145F00AE1C86 /* Encryption */ = {
			isa = PBXGroup;
			children = (
				D422C38C1E71D85F00279126 /* UnKeyed */,
				D422C38D1E71D86B00279126 /* Keyed */,
			);
			name = Encryption;
			sourceTree = "<group>";
		};
		D422C38C1E71D85F00279126 /* UnKeyed */ = {
			isa = PBXGroup;
			children = (
				D4BB832F1E4A3C9100859B1C /* UnKeyedEncryption.swift */,
				D4C0C4A81E4E32A000703241 /* PigLatin.swift */,
				D41294641E529990006F090B /* MorseCode.swift */,
				D46BB0FE1E74D0A600B87909 /* PigPenCipher.swift */,
				D4B3D95E1E5793F500C8A75D /* Binary.swift */,
				D46137911E5DED6300A9D87A /* Octal.swift */,
				D46137931E5DF48100A9D87A /* Hexadecimal.swift */,
				D46CAADC1E4AB273001B32A5 /* ROT13.swift */,
			);
			name = UnKeyed;
			sourceTree = "<group>";
		};
		D422C38D1E71D86B00279126 /* Keyed */ = {
			isa = PBXGroup;
			children = (
				D44B53521E6727FF005CFAE0 /* KeyedEncryption.swift */,
				D44B53581E6DD91D005CFAE0 /* CaesarCipher.swift */,
				D44B535A1E70AE7B005CFAE0 /* XORCipher.swift */,
				D46BB0F81E74CD8900B87909 /* KeywordCipher.swift */,
				D46BB0FA1E74CDA200B87909 /* RailFenceCipher.swift */,
				D46BB0FC1E74CDAF00B87909 /* ColumnarCipher.swift */,
				D4B53D3A1EAD4F1C00BBAEFF /* VigenereCipher.swift */,
			);
			name = Keyed;
			sourceTree = "<group>";
		};
		D442957A1E328241006EC08E = {
			isa = PBXGroup;
			children = (
				D44295851E328241006EC08E /* Enigma */,
				D442959A1E328242006EC08E /* EnigmaTests */,
				D44295A51E328242006EC08E /* EnigmaUITests */,
				D44295841E328241006EC08E /* Products */,
				A688947D6797F15013208DF6 /* Pods */,
				EDE27FA3B1070ABAC19041A0 /* Frameworks */,
			);
			sourceTree = "<group>";
		};
		D44295841E328241006EC08E /* Products */ = {
			isa = PBXGroup;
			children = (
				D44295831E328241006EC08E /* Enigma.app */,
			);
			name = Products;
			sourceTree = "<group>";
		};
		D44295851E328241006EC08E /* Enigma */ = {
			isa = PBXGroup;
			children = (
				D44295861E328241006EC08E /* AppDelegate.swift */,
				D4E99B7A1E4240420035A688 /* Global.swift */,
				D442958A1E328241006EC08E /* Main.storyboard */,
				D47E5AA21E65333F00C100D3 /* Popups */,
				D415D6AF1E58144400AE1C86 /* ViewController */,
				D415D6B01E58145F00AE1C86 /* Encryption */,
				D415D6AE1E58142400AE1C86 /* UserData */,
				D4E99B841E43A0D40035A688 /* EncryptionHeader */,
				D4E99B781E4180E00035A688 /* CustomTextView */,
				D4E99B771E4180C10035A688 /* Custom */,
				D415D6AD1E58140300AE1C86 /* Resources */,
				D442958D1E328241006EC08E /* Assets.xcassets */,
				D442958F1E328241006EC08E /* LaunchScreen.storyboard */,
				D44295921E328241006EC08E /* Info.plist */,
			);
			path = Enigma;
			sourceTree = "<group>";
		};
		D442959A1E328242006EC08E /* EnigmaTests */ = {
			isa = PBXGroup;
			children = (
				D442959B1E328242006EC08E /* EnigmaTests.swift */,
				D442959D1E328242006EC08E /* Info.plist */,
			);
			path = EnigmaTests;
			sourceTree = "<group>";
		};
		D44295A51E328242006EC08E /* EnigmaUITests */ = {
			isa = PBXGroup;
			children = (
				D44295A61E328242006EC08E /* EnigmaUITests.swift */,
				D44295A81E328242006EC08E /* Info.plist */,
			);
			path = EnigmaUITests;
			sourceTree = "<group>";
		};
		D44B534E1E660206005CFAE0 /* Error */ = {
			isa = PBXGroup;
			children = (
				D44B534C1E65FE9E005CFAE0 /* ErrorVC.swift */,
				D44B534A1E65FDDF005CFAE0 /* ErrorVC.xib */,
			);
			name = Error;
			sourceTree = "<group>";
		};
		D44E269B1E78D1A8007B64CE /* InformationTextFiles */ = {
			isa = PBXGroup;
			children = (
				D44E26A01E799CB9007B64CE /* EnigmaInformation */,
				D44E268C1E7740C0007B64CE /* PigLatinInformation */,
				D44E268E1E77A8B6007B64CE /* MorseCodeInformation */,
				D44E26901E77AAC8007B64CE /* PigPenInformation */,
				D44E26921E77AAE3007B64CE /* BinaryInformation */,
				D44E26941E77AAF5007B64CE /* OctalInformation */,
				D44E26961E77AB08007B64CE /* HexadecimalInformation */,
				D44E26981E77B08E007B64CE /* ROT13Information */,
				D4B53D3C1EAD4FAE00BBAEFF /* CaesarInformation */,
				D4B53D3E1EAD4FBB00BBAEFF /* XORInformation */,
				D4B53D401EAD4FCB00BBAEFF /* KeywordInformation */,
				D4B53D421EAD4FE700BBAEFF /* RailFenceInformation */,
				D4B53D441EAD500E00BBAEFF /* ColumnarInformation */,
				D4B53D461EAD502500BBAEFF /* VigenereInformation */,
			);
			name = InformationTextFiles;
			sourceTree = "<group>";
		};
		D46BB1001E75B6C400B87909 /* Information */ = {
			isa = PBXGroup;
			children = (
				D46BB1031E75C49100B87909 /* InformationVC.swift */,
				D46BB1011E75B71200B87909 /* InformationVC.xib */,
				D42AC20E1E763D0400900CA3 /* InformationView.swift */,
				D42AC20C1E763C3800900CA3 /* CurrentEncryptionInformationView.swift */,
				D42AC20A1E75CFC900900CA3 /* CurrentEncryptionInformationView.xib */,
				D44E269E1E78D2AB007B64CE /* EnigmaView.swift */,
				D44E269C1E78D1EE007B64CE /* EnigmaView.xib */,
				D44E26A41E79A166007B64CE /* StoreView.swift */,
				D44E26A21E799E06007B64CE /* StoreView.xib */,
				D447256F1E81FB0F00E6D881 /* StoreCell.swift */,
				D44725701E81FB0F00E6D881 /* StoreCell.xib */,
				D44E269B1E78D1A8007B64CE /* InformationTextFiles */,
			);
			name = Information;
			sourceTree = "<group>";
		};
		D47E5AA11E65332D00C100D3 /* PopupAnimation */ = {
			isa = PBXGroup;
			children = (
				D47E5A9F1E60D8B000C100D3 /* PopupAnimatorDelegate.swift */,
				D47E5A9D1E60CDCA00C100D3 /* PopupAnimator.swift */,
			);
			name = PopupAnimation;
			sourceTree = "<group>";
		};
		D47E5AA21E65333F00C100D3 /* Popups */ = {
			isa = PBXGroup;
			children = (
				D46BB1001E75B6C400B87909 /* Information */,
				D44B534E1E660206005CFAE0 /* Error */,
				D47E5AA31E65335300C100D3 /* Warning */,
				D47E5AA11E65332D00C100D3 /* PopupAnimation */,
			);
			name = Popups;
			sourceTree = "<group>";
		};
		D47E5AA31E65335300C100D3 /* Warning */ = {
			isa = PBXGroup;
			children = (
				D40341071E5819C300FDFF7E /* WarningVC.swift */,
				D40341051E5818C700FDFF7E /* WarningVC.xib */,
			);
			name = Warning;
			sourceTree = "<group>";
		};
		D4E99B771E4180C10035A688 /* Custom */ = {
			isa = PBXGroup;
			children = (
				D44E26A71E7DD091007B64CE /* TextViewExtension.swift */,
				D4E99B751E417D720035A688 /* UIButtonBorder.swift */,
			);
			name = Custom;
			sourceTree = "<group>";
		};
		D4E99B781E4180E00035A688 /* CustomTextView */ = {
			isa = PBXGroup;
			children = (
				D44295B61E3285BA006EC08E /* UITextViewCustom.swift */,
				D4E99B6E1E412B810035A688 /* UITextViewCustom.xib */,
				D44B53561E672BD9005CFAE0 /* UITextFieldCustom.swift */,
				D44B53541E6729D6005CFAE0 /* UITextFieldCustom.xib */,
			);
			name = CustomTextView;
			sourceTree = "<group>";
		};
		D4E99B841E43A0D40035A688 /* EncryptionHeader */ = {
			isa = PBXGroup;
			children = (
				D4E99B8A1E4419610035A688 /* EncryptionSelection.swift */,
				D44E26B01E7DDE8D007B64CE /* EncryptionSelectionCell.swift */,
				D44E26AE1E7DDD52007B64CE /* EncryptionSelectionCell.xib */,
				D4E99B7F1E439BF80035A688 /* EncryptionNameHeader.swift */,
				D4E99B7C1E42467A0035A688 /* EncryptionNameHeader.xib */,
			);
			name = EncryptionHeader;
			sourceTree = "<group>";
		};
		EDE27FA3B1070ABAC19041A0 /* Frameworks */ = {
			isa = PBXGroup;
			children = (
				5034F58687D6E572F9CA3D36 /* Pods_Enigma.framework */,
			);
			name = Frameworks;
			sourceTree = "<group>";
		};
/* End PBXGroup section */

/* Begin PBXNativeTarget section */
		D44295821E328241006EC08E /* Enigma */ = {
			isa = PBXNativeTarget;
			buildConfigurationList = D44295AB1E328242006EC08E /* Build configuration list for PBXNativeTarget "Enigma" */;
			buildPhases = (
				3E1FB649D8FDE0684568262D /* [CP] Check Pods Manifest.lock */,
				D442957F1E328241006EC08E /* Sources */,
				D44295801E328241006EC08E /* Frameworks */,
				D44295811E328241006EC08E /* Resources */,
				D422C38B1E71D77600279126 /* Mark Todo and Fixme with Warnings */,
				7AA77B7F51F55B4CB9CEEE0E /* [CP] Embed Pods Frameworks */,
				04CDBB108FDDFB2A6FF80684 /* [CP] Copy Pods Resources */,
				D4362A271EB15D9300C90B89 /* FEAT markings */,
			);
			buildRules = (
			);
			dependencies = (
			);
			name = Enigma;
			productName = Enigma;
			productReference = D44295831E328241006EC08E /* Enigma.app */;
			productType = "com.apple.product-type.application";
		};
/* End PBXNativeTarget section */

/* Begin PBXProject section */
		D442957B1E328241006EC08E /* Project object */ = {
			isa = PBXProject;
			attributes = {
				LastSwiftUpdateCheck = 0810;
				LastUpgradeCheck = 0820;
				ORGANIZATIONNAME = "Jacob R. Abraham";
				TargetAttributes = {
					D44295821E328241006EC08E = {
						CreatedOnToolsVersion = 8.1;
						DevelopmentTeam = KX43SXV662;
						ProvisioningStyle = Automatic;
					};
				};
			};
			buildConfigurationList = D442957E1E328241006EC08E /* Build configuration list for PBXProject "Enigma" */;
			compatibilityVersion = "Xcode 3.2";
			developmentRegion = English;
			hasScannedForEncodings = 0;
			knownRegions = (
				en,
				Base,
			);
			mainGroup = D442957A1E328241006EC08E;
			productRefGroup = D44295841E328241006EC08E /* Products */;
			projectDirPath = "";
			projectRoot = "";
			targets = (
				D44295821E328241006EC08E /* Enigma */,
			);
		};
/* End PBXProject section */

/* Begin PBXResourcesBuildPhase section */
		D44295811E328241006EC08E /* Resources */ = {
			isa = PBXResourcesBuildPhase;
			buildActionMask = 2147483647;
			files = (
				D44E26931E77AAE3007B64CE /* BinaryInformation in Resources */,
				D44E26AF1E7DDD52007B64CE /* EncryptionSelectionCell.xib in Resources */,
				D4E99B7D1E42467A0035A688 /* EncryptionNameHeader.xib in Resources */,
				D44E26951E77AAF5007B64CE /* OctalInformation in Resources */,
				D44295911E328241006EC08E /* LaunchScreen.storyboard in Resources */,
				D415D6B41E58159A00AE1C86 /* Warning.png in Resources */,
				D4B53D3D1EAD4FAE00BBAEFF /* CaesarInformation in Resources */,
				D4B53D431EAD4FE700BBAEFF /* RailFenceInformation in Resources */,
				D44E26A11E799CB9007B64CE /* EnigmaInformation in Resources */,
				D41294671E52B573006F090B /* UserData.plist in Resources */,
				D415D6B21E58156E00AE1C86 /* Error.png in Resources */,
				D46BB1021E75B71200B87909 /* InformationVC.xib in Resources */,
				D44E268D1E7740C0007B64CE /* PigLatinInformation in Resources */,
				D415D6AC1E5813E800AE1C86 /* close.png in Resources */,
				D42AC2111E764E7C00900CA3 /* info.png in Resources */,
				D442958E1E328241006EC08E /* Assets.xcassets in Resources */,
				D44E26AB1E7DDBA2007B64CE /* ralogo.PNG in Resources */,
				D44B534B1E65FDDF005CFAE0 /* ErrorVC.xib in Resources */,
				D44E26A31E799E06007B64CE /* StoreView.xib in Resources */,
				D44E26991E77B08E007B64CE /* ROT13Information in Resources */,
				D44E268F1E77A8B6007B64CE /* MorseCodeInformation in Resources */,
				D4BB83321E4A6BF100859B1C /* share.png in Resources */,
				D44E26911E77AAC8007B64CE /* PigPenInformation in Resources */,
				D44E26AD1E7DDBB3007B64CE /* lock.png in Resources */,
				D40341061E5818C700FDFF7E /* WarningVC.xib in Resources */,
				D4B53D471EAD502500BBAEFF /* VigenereInformation in Resources */,
				D44E26971E77AB08007B64CE /* HexadecimalInformation in Resources */,
				D44E269D1E78D1EE007B64CE /* EnigmaView.xib in Resources */,
				D44725721E81FB0F00E6D881 /* StoreCell.xib in Resources */,
				D4B53D411EAD4FCB00BBAEFF /* KeywordInformation in Resources */,
				D4B53D451EAD500E00BBAEFF /* ColumnarInformation in Resources */,
				D4B53D3F1EAD4FBB00BBAEFF /* XORInformation in Resources */,
				D44B53551E6729D6005CFAE0 /* UITextFieldCustom.xib in Resources */,
				D4E99B6F1E412B810035A688 /* UITextViewCustom.xib in Resources */,
				D42AC20B1E75CFC900900CA3 /* CurrentEncryptionInformationView.xib in Resources */,
				D442958C1E328241006EC08E /* Main.storyboard in Resources */,
			);
			runOnlyForDeploymentPostprocessing = 0;
		};
/* End PBXResourcesBuildPhase section */

/* Begin PBXShellScriptBuildPhase section */
		04CDBB108FDDFB2A6FF80684 /* [CP] Copy Pods Resources */ = {
			isa = PBXShellScriptBuildPhase;
			buildActionMask = 2147483647;
			files = (
			);
			inputPaths = (
			);
			name = "[CP] Copy Pods Resources";
			outputPaths = (
			);
			runOnlyForDeploymentPostprocessing = 0;
			shellPath = /bin/sh;
			shellScript = "\"${SRCROOT}/Pods/Target Support Files/Pods-Enigma/Pods-Enigma-resources.sh\"\n";
			showEnvVarsInLog = 0;
		};
		3E1FB649D8FDE0684568262D /* [CP] Check Pods Manifest.lock */ = {
			isa = PBXShellScriptBuildPhase;
			buildActionMask = 2147483647;
			files = (
			);
			inputPaths = (
			);
			name = "[CP] Check Pods Manifest.lock";
			outputPaths = (
			);
			runOnlyForDeploymentPostprocessing = 0;
			shellPath = /bin/sh;
			shellScript = "diff \"${PODS_ROOT}/../Podfile.lock\" \"${PODS_ROOT}/Manifest.lock\" > /dev/null\nif [ $? != 0 ] ; then\n    # print error to STDERR\n    echo \"error: The sandbox is not in sync with the Podfile.lock. Run 'pod install' or update your CocoaPods installation.\" >&2\n    exit 1\nfi\n";
			showEnvVarsInLog = 0;
		};
		7AA77B7F51F55B4CB9CEEE0E /* [CP] Embed Pods Frameworks */ = {
			isa = PBXShellScriptBuildPhase;
			buildActionMask = 2147483647;
			files = (
			);
			inputPaths = (
			);
			name = "[CP] Embed Pods Frameworks";
			outputPaths = (
			);
			runOnlyForDeploymentPostprocessing = 0;
			shellPath = /bin/sh;
			shellScript = "\"${SRCROOT}/Pods/Target Support Files/Pods-Enigma/Pods-Enigma-frameworks.sh\"\n";
			showEnvVarsInLog = 0;
		};
		D422C38B1E71D77600279126 /* Mark Todo and Fixme with Warnings */ = {
			isa = PBXShellScriptBuildPhase;
			buildActionMask = 2147483647;
			files = (
			);
			inputPaths = (
			);
			name = "Mark Todo and Fixme with Warnings";
			outputPaths = (
			);
			runOnlyForDeploymentPostprocessing = 0;
			shellPath = /bin/sh;
			shellScript = "TAGS=\"TODO:|FIXME:|MARK:\"\nERRORTAG=\"ERROR:\"\nfind \"${SRCROOT}/Enigma\" \\( -name \"*.h\" -or -name \"*.m\" -or -name \"*.swift\" \\) -print0 | xargs -0 egrep --with-filename --line-number --only-matching \"($TAGS).*\\$|($ERRORTAG).*\\$\" | perl -p -e \"s/($TAGS)/ warning: \\$1/\" | perl -p -e \"s/($ERRORTAG)/ error: \\$1/\"";
		};
		D4362A271EB15D9300C90B89 /* FEAT markings */ = {
			isa = PBXShellScriptBuildPhase;
			buildActionMask = 2147483647;
			files = (
			);
			inputPaths = (
			);
			name = "FEAT markings";
			outputPaths = (
			);
			runOnlyForDeploymentPostprocessing = 0;
			shellPath = /bin/sh;
			shellScript = "#TAGS=\"FEAT:\"\n#find \"${SRCROOT}/Enigma\" \\( -name \"*.h\" -or -name \"*.m\" -or -name \"*.swift\" \\) -print0 | xargs -0 egrep --with-filename --line-number --only-matching \"($TAGS).*\\$\" | perl -p -e \"s/($TAGS)/ warning: \\$1/\"";
		};
/* End PBXShellScriptBuildPhase section */

/* Begin PBXSourcesBuildPhase section */
		D442957F1E328241006EC08E /* Sources */ = {
			isa = PBXSourcesBuildPhase;
			buildActionMask = 2147483647;
			files = (
				D44295B71E3285BA006EC08E /* UITextViewCustom.swift in Sources */,
				D44B535B1E70AE7B005CFAE0 /* XORCipher.swift in Sources */,
				D41294651E529990006F090B /* MorseCode.swift in Sources */,
				D44E26A81E7DD091007B64CE /* TextViewExtension.swift in Sources */,
				D4E99B8B1E4419610035A688 /* EncryptionSelection.swift in Sources */,
				D4BB83301E4A3C9100859B1C /* UnKeyedEncryption.swift in Sources */,
				D42AC20D1E763C3800900CA3 /* CurrentEncryptionInformationView.swift in Sources */,
				D44B53501E6612E4005CFAE0 /* KeyedVC.swift in Sources */,
				D44B53531E6727FF005CFAE0 /* KeyedEncryption.swift in Sources */,
				D44B53571E672BD9005CFAE0 /* UITextFieldCustom.swift in Sources */,
				D4E99B761E417D720035A688 /* UIButtonBorder.swift in Sources */,
				D44295891E328241006EC08E /* UnKeyedVC.swift in Sources */,
				D41294691E52BEA6006F090B /* UserData.swift in Sources */,
				D412946B1E53D576006F090B /* StarterVC.swift in Sources */,
				D4B3D95F1E5793F500C8A75D /* Binary.swift in Sources */,
				D46BB1041E75C49100B87909 /* InformationVC.swift in Sources */,
				D46137941E5DF48100A9D87A /* Hexadecimal.swift in Sources */,
				D46137921E5DED6300A9D87A /* Octal.swift in Sources */,
				D42AC20F1E763D0400900CA3 /* InformationView.swift in Sources */,
				D46BB0FD1E74CDAF00B87909 /* ColumnarCipher.swift in Sources */,
				D44B534D1E65FE9E005CFAE0 /* ErrorVC.swift in Sources */,
				D44725711E81FB0F00E6D881 /* StoreCell.swift in Sources */,
				D46BB0F91E74CD8900B87909 /* KeywordCipher.swift in Sources */,
				D46CAADD1E4AB273001B32A5 /* ROT13.swift in Sources */,
				D4E99B7B1E4240420035A688 /* Global.swift in Sources */,
				D46BB0FF1E74D0A600B87909 /* PigPenCipher.swift in Sources */,
				D44E269F1E78D2AB007B64CE /* EnigmaView.swift in Sources */,
				D4B53D3B1EAD4F1C00BBAEFF /* VigenereCipher.swift in Sources */,
				D40341081E5819C300FDFF7E /* WarningVC.swift in Sources */,
				D4E99B801E439BF80035A688 /* EncryptionNameHeader.swift in Sources */,
				D47E5AA01E60D8B100C100D3 /* PopupAnimatorDelegate.swift in Sources */,
				D44E26B11E7DDE8D007B64CE /* EncryptionSelectionCell.swift in Sources */,
				D44E26A51E79A166007B64CE /* StoreView.swift in Sources */,
				D44295871E328241006EC08E /* AppDelegate.swift in Sources */,
				D46BB0FB1E74CDA200B87909 /* RailFenceCipher.swift in Sources */,
				D4C0C4A91E4E32A100703241 /* PigLatin.swift in Sources */,
				D47E5A9E1E60CDCA00C100D3 /* PopupAnimator.swift in Sources */,
				D44B53591E6DD91D005CFAE0 /* CaesarCipher.swift in Sources */,
			);
			runOnlyForDeploymentPostprocessing = 0;
		};
/* End PBXSourcesBuildPhase section */

/* Begin PBXVariantGroup section */
		D442958A1E328241006EC08E /* Main.storyboard */ = {
			isa = PBXVariantGroup;
			children = (
				D442958B1E328241006EC08E /* Base */,
			);
			name = Main.storyboard;
			sourceTree = "<group>";
		};
		D442958F1E328241006EC08E /* LaunchScreen.storyboard */ = {
			isa = PBXVariantGroup;
			children = (
				D44295901E328241006EC08E /* Base */,
			);
			name = LaunchScreen.storyboard;
			sourceTree = "<group>";
		};
/* End PBXVariantGroup section */

/* Begin XCBuildConfiguration section */
		D44295A91E328242006EC08E /* Debug */ = {
			isa = XCBuildConfiguration;
			buildSettings = {
				ALWAYS_EMBED_SWIFT_STANDARD_LIBRARIES = NO;
				ALWAYS_SEARCH_USER_PATHS = NO;
				CLANG_ANALYZER_NONNULL = YES;
				CLANG_CXX_LANGUAGE_STANDARD = "gnu++0x";
				CLANG_CXX_LIBRARY = "libc++";
				CLANG_ENABLE_MODULES = YES;
				CLANG_ENABLE_OBJC_ARC = YES;
				CLANG_WARN_BOOL_CONVERSION = YES;
				CLANG_WARN_CONSTANT_CONVERSION = YES;
				CLANG_WARN_DIRECT_OBJC_ISA_USAGE = YES_ERROR;
				CLANG_WARN_DOCUMENTATION_COMMENTS = YES;
				CLANG_WARN_EMPTY_BODY = YES;
				CLANG_WARN_ENUM_CONVERSION = YES;
				CLANG_WARN_INFINITE_RECURSION = YES;
				CLANG_WARN_INT_CONVERSION = YES;
				CLANG_WARN_OBJC_ROOT_CLASS = YES_ERROR;
				CLANG_WARN_SUSPICIOUS_MOVE = YES;
				CLANG_WARN_SUSPICIOUS_MOVES = YES;
				CLANG_WARN_UNREACHABLE_CODE = YES;
				CLANG_WARN__DUPLICATE_METHOD_MATCH = YES;
				"CODE_SIGN_IDENTITY[sdk=iphoneos*]" = "iPhone Developer";
				COPY_PHASE_STRIP = NO;
				DEBUG_INFORMATION_FORMAT = dwarf;
				ENABLE_STRICT_OBJC_MSGSEND = YES;
				ENABLE_TESTABILITY = YES;
				GCC_C_LANGUAGE_STANDARD = gnu99;
				GCC_DYNAMIC_NO_PIC = NO;
				GCC_NO_COMMON_BLOCKS = YES;
				GCC_OPTIMIZATION_LEVEL = 0;
				GCC_PREPROCESSOR_DEFINITIONS = (
					"DEBUG=1",
					"$(inherited)",
				);
				GCC_WARN_64_TO_32_BIT_CONVERSION = YES;
				GCC_WARN_ABOUT_RETURN_TYPE = YES_ERROR;
				GCC_WARN_UNDECLARED_SELECTOR = YES;
				GCC_WARN_UNINITIALIZED_AUTOS = YES_AGGRESSIVE;
				GCC_WARN_UNUSED_FUNCTION = YES;
				GCC_WARN_UNUSED_VARIABLE = YES;
				IPHONEOS_DEPLOYMENT_TARGET = 10.0;
				MTL_ENABLE_DEBUG_INFO = YES;
				ONLY_ACTIVE_ARCH = YES;
				SDKROOT = iphoneos;
				SWIFT_ACTIVE_COMPILATION_CONDITIONS = DEBUG;
				SWIFT_OPTIMIZATION_LEVEL = "-Onone";
			};
			name = Debug;
		};
		D44295AA1E328242006EC08E /* Release */ = {
			isa = XCBuildConfiguration;
			buildSettings = {
				ALWAYS_EMBED_SWIFT_STANDARD_LIBRARIES = NO;
				ALWAYS_SEARCH_USER_PATHS = NO;
				CLANG_ANALYZER_NONNULL = YES;
				CLANG_CXX_LANGUAGE_STANDARD = "gnu++0x";
				CLANG_CXX_LIBRARY = "libc++";
				CLANG_ENABLE_MODULES = YES;
				CLANG_ENABLE_OBJC_ARC = YES;
				CLANG_WARN_BOOL_CONVERSION = YES;
				CLANG_WARN_CONSTANT_CONVERSION = YES;
				CLANG_WARN_DIRECT_OBJC_ISA_USAGE = YES_ERROR;
				CLANG_WARN_DOCUMENTATION_COMMENTS = YES;
				CLANG_WARN_EMPTY_BODY = YES;
				CLANG_WARN_ENUM_CONVERSION = YES;
				CLANG_WARN_INFINITE_RECURSION = YES;
				CLANG_WARN_INT_CONVERSION = YES;
				CLANG_WARN_OBJC_ROOT_CLASS = YES_ERROR;
				CLANG_WARN_SUSPICIOUS_MOVE = YES;
				CLANG_WARN_SUSPICIOUS_MOVES = YES;
				CLANG_WARN_UNREACHABLE_CODE = YES;
				CLANG_WARN__DUPLICATE_METHOD_MATCH = YES;
				"CODE_SIGN_IDENTITY[sdk=iphoneos*]" = "iPhone Developer";
				COPY_PHASE_STRIP = NO;
				DEBUG_INFORMATION_FORMAT = "dwarf-with-dsym";
				ENABLE_NS_ASSERTIONS = NO;
				ENABLE_STRICT_OBJC_MSGSEND = YES;
				GCC_C_LANGUAGE_STANDARD = gnu99;
				GCC_NO_COMMON_BLOCKS = YES;
				GCC_WARN_64_TO_32_BIT_CONVERSION = YES;
				GCC_WARN_ABOUT_RETURN_TYPE = YES_ERROR;
				GCC_WARN_UNDECLARED_SELECTOR = YES;
				GCC_WARN_UNINITIALIZED_AUTOS = YES_AGGRESSIVE;
				GCC_WARN_UNUSED_FUNCTION = YES;
				GCC_WARN_UNUSED_VARIABLE = YES;
				IPHONEOS_DEPLOYMENT_TARGET = 10.0;
				MTL_ENABLE_DEBUG_INFO = NO;
				SDKROOT = iphoneos;
				SWIFT_OPTIMIZATION_LEVEL = "-Owholemodule";
				VALIDATE_PRODUCT = YES;
			};
			name = Release;
		};
		D44295AC1E328242006EC08E /* Debug */ = {
			isa = XCBuildConfiguration;
			baseConfigurationReference = ECBE068918A86CB50BF34862 /* Pods-Enigma.debug.xcconfig */;
			buildSettings = {
				ASSETCATALOG_COMPILER_APPICON_NAME = AppIcon;
				"CODE_SIGN_IDENTITY[sdk=iphoneos*]" = "iPhone Developer";
				DEVELOPMENT_TEAM = KX43SXV662;
				INFOPLIST_FILE = Enigma/Info.plist;
				IPHONEOS_DEPLOYMENT_TARGET = 10.0;
				LD_RUNPATH_SEARCH_PATHS = "$(inherited) @executable_path/Frameworks";
				PRODUCT_BUNDLE_IDENTIFIER = com.RabinApps.EnigmaMessageEncryption;
				PRODUCT_NAME = "$(TARGET_NAME)";
				SWIFT_VERSION = 3.0;
				TARGETED_DEVICE_FAMILY = 1;
			};
			name = Debug;
		};
		D44295AD1E328242006EC08E /* Release */ = {
			isa = XCBuildConfiguration;
			baseConfigurationReference = 0A8DF6ECF26E61F73DD3D53B /* Pods-Enigma.release.xcconfig */;
			buildSettings = {
				ASSETCATALOG_COMPILER_APPICON_NAME = AppIcon;
				"CODE_SIGN_IDENTITY[sdk=iphoneos*]" = "iPhone Developer";
				DEVELOPMENT_TEAM = KX43SXV662;
				INFOPLIST_FILE = Enigma/Info.plist;
				IPHONEOS_DEPLOYMENT_TARGET = 10.0;
				LD_RUNPATH_SEARCH_PATHS = "$(inherited) @executable_path/Frameworks";
				PRODUCT_BUNDLE_IDENTIFIER = com.RabinApps.EnigmaMessageEncryption;
				PRODUCT_NAME = "$(TARGET_NAME)";
				SWIFT_VERSION = 3.0;
				TARGETED_DEVICE_FAMILY = 1;
			};
			name = Release;
		};
/* End XCBuildConfiguration section */

/* Begin XCConfigurationList section */
		D442957E1E328241006EC08E /* Build configuration list for PBXProject "Enigma" */ = {
			isa = XCConfigurationList;
			buildConfigurations = (
				D44295A91E328242006EC08E /* Debug */,
				D44295AA1E328242006EC08E /* Release */,
			);
			defaultConfigurationIsVisible = 0;
			defaultConfigurationName = Release;
		};
		D44295AB1E328242006EC08E /* Build configuration list for PBXNativeTarget "Enigma" */ = {
			isa = XCConfigurationList;
			buildConfigurations = (
				D44295AC1E328242006EC08E /* Debug */,
				D44295AD1E328242006EC08E /* Release */,
			);
			defaultConfigurationIsVisible = 0;
			defaultConfigurationName = Release;
		};
/* End XCConfigurationList section */
	};
	rootObject = D442957B1E328241006EC08E /* Project object */;
}
